Microsoft Visual Studio Solution File, Format Version 7.00
Project("{8BC9CEB8-8B4A-11D0-8D11-00A0C91BC942}") = "UI_Edit", "UI_Edit.vcproj", "{BFA322C7-1779-4ABE-9CE7-41D91D530793}"
EndProject
Project("{8BC9CEB8-8B4A-11D0-8D11-00A0C91BC942}") = "UI_Edit_Ext", "..\UI_Edit_Ext\UI_Edit_Ext.vcproj", "{E9EA6CCF-9928-47DC-8488-5C2BB84A9D71}"
EndProject
Global
	GlobalSection(SolutionConfiguration) = preSolution
		ConfigName.0 = Debug
		ConfigName.1 = Release
	EndGlobalSection
	GlobalSection(ProjectDependencies) = postSolution
	EndGlobalSection
	GlobalSection(ProjectConfiguration) = postSolution
		{BFA322C7-1779-4ABE-9CE7-41D91D530793}.Debug.ActiveCfg = Debug|Win32
		{BFA322C7-1779-4ABE-9CE7-41D91D530793}.Debug.Build.0 = Debug|Win32
		{BFA322C7-1779-4ABE-9CE7-41D91D530793}.Release.ActiveCfg = Release|Win32
		{BFA322C7-1779-4ABE-9CE7-41D91D530793}.Release.Build.0 = Release|Win32
		{E9EA6CCF-9928-47DC-8488-5C2BB84A9D71}.Debug.ActiveCfg = Debug|Win32
		{E9EA6CCF-9928-47DC-8488-5C2BB84A9D71}.Debug.Build.0 = Debug|Win32
		{E9EA6CCF-9928-47DC-8488-5C2BB84A9D71}.Release.ActiveCfg = Release|Win32
		{E9EA6CCF-9928-47DC-8488-5C2BB84A9D71}.Release.Build.0 = Release|Win32
	EndGlobalSection
	GlobalSection(ExtensibilityGlobals) = postSolution
	EndGlobalSection
	GlobalSection(ExtensibilityAddIns) = postSolution
	EndGlobalSection
EndGlobal
